
Microsoft Visual Studio Solution File, Format Version 12.00
# Visual Studio Version 17
VisualStudioVersion = 17.7.34221.43
MinimumVisualStudioVersion = 10.0.40219.1
Project("{9A19103F-16F7-4668-BE54-9A1E7A4F7556}") = "用户端", "用户端\用户端.csproj", "{51C1AA81-0179-45BC-A5EA-7470591D8F00}"
EndProject
Global
	GlobalSection(SolutionConfigurationPlatforms) = preSolution
		Debug|Any CPU = Debug|Any CPU
		Release|Any CPU = Release|Any CPU
	EndGlobalSection
	GlobalSection(ProjectConfigurationPlatforms) = postSolution
		{51C1AA81-0179-45BC-A5EA-7470591D8F00}.Debug|Any CPU.ActiveCfg = Debug|Any CPU
		{51C1AA81-0179-45BC-A5EA-7470591D8F00}.Debug|Any CPU.Build.0 = Debug|Any CPU
		{51C1AA81-0179-45BC-A5EA-7470591D8F00}.Release|Any CPU.ActiveCfg = Release|Any CPU
		{51C1AA81-0179-45BC-A5EA-7470591D8F00}.Release|Any CPU.Build.0 = Release|Any CPU
	EndGlobalSection
	GlobalSection(SolutionProperties) = preSolution
		HideSolutionNode = FALSE
	EndGlobalSection
	GlobalSection(ExtensibilityGlobals) = postSolution
		SolutionGuid = {477200A8-E52B-4DAC-8D96-84F8EAB6D290}
	EndGlobalSection
EndGlobal
